
Microsoft Visual Studio Solution File, Format Version 12.00
# Visual Studio Version 16
VisualStudioVersion = 16.0.32413.511
MinimumVisualStudioVersion = 10.0.40219.1
Project("{FAE04EC0-301F-11D3-BF4B-00C04F79EFBC}") = "UnitTest1", "UnitTest1\UnitTest1.csproj", "{E9972F62-5E86-4452-B941-8FFF6711724E}"
EndProject
Project("{FAE04EC0-301F-11D3-BF4B-00C04F79EFBC}") = "StudentGrades.nUnitTests", "StudentGrades.nUnitTests\StudentGrades.nUnitTests.csproj", "{AECCC392-1A9C-45D0-8487-A85F3CEF4C12}"
EndProject
Global
	GlobalSection(SolutionConfigurationPlatforms) = preSolution
		Debug|Any CPU = Debug|Any CPU
		Release|Any CPU = Release|Any CPU
	EndGlobalSection
	GlobalSection(ProjectConfigurationPlatforms) = postSolution
		{E9972F62-5E86-4452-B941-8FFF6711724E}.Debug|Any CPU.ActiveCfg = Debug|Any CPU
		{E9972F62-5E86-4452-B941-8FFF6711724E}.Debug|Any CPU.Build.0 = Debug|Any CPU
		{E9972F62-5E86-4452-B941-8FFF6711724E}.Release|Any CPU.ActiveCfg = Release|Any CPU
		{E9972F62-5E86-4452-B941-8FFF6711724E}.Release|Any CPU.Build.0 = Release|Any CPU
		{AECCC392-1A9C-45D0-8487-A85F3CEF4C12}.Debug|Any CPU.ActiveCfg = Debug|Any CPU
		{AECCC392-1A9C-45D0-8487-A85F3CEF4C12}.Debug|Any CPU.Build.0 = Debug|Any CPU
		{AECCC392-1A9C-45D0-8487-A85F3CEF4C12}.Release|Any CPU.ActiveCfg = Release|Any CPU
		{AECCC392-1A9C-45D0-8487-A85F3CEF4C12}.Release|Any CPU.Build.0 = Release|Any CPU
	EndGlobalSection
	GlobalSection(SolutionProperties) = preSolution
		HideSolutionNode = FALSE
	EndGlobalSection
	GlobalSection(ExtensibilityGlobals) = postSolution
		SolutionGuid = {9E0D5A32-2CCE-4CEA-AF75-71FB0151D0D9}
	EndGlobalSection
EndGlobal
